// !$*UTF8*$!
{
	archiveVersion = 1;
	classes = {
	};
	objectVersion = 46;
	objects = {

/* Begin PBXBuildFile section */
		170030AC1B11F5A200585CEB /* main.m in Sources */ = {isa = PBXBuildFile; fileRef = 170030AB1B11F5A200585CEB /* main.m */; };
		170030AF1B11F5A200585CEB /* AppDelegate.m in Sources */ = {isa = PBXBuildFile; fileRef = 170030AE1B11F5A200585CEB /* AppDelegate.m */; };
		170030B71B11F5A200585CEB /* Images.xcassets in Resources */ = {isa = PBXBuildFile; fileRef = 170030B61B11F5A200585CEB /* Images.xcassets */; };
		170030BA1B11F5A200585CEB /* LaunchScreen.xib in Resources */ = {isa = PBXBuildFile; fileRef = 170030B81B11F5A200585CEB /* LaunchScreen.xib */; };
		170030C61B11F5A300585CEB /* LLVideoEditorExampleTests.m in Sources */ = {isa = PBXBuildFile; fileRef = 170030C51B11F5A300585CEB /* LLVideoEditorExampleTests.m */; };
		1744CBF81B19E871001A9045 /* applause-01.mp3 in Resources */ = {isa = PBXBuildFile; fileRef = 1744CBF71B19E871001A9045 /* applause-01.mp3 */; };
		1744CBFC1B1A24ED001A9045 /* LLRotateCommand.m in Sources */ = {isa = PBXBuildFile; fileRef = 1744CBFB1B1A24ED001A9045 /* LLRotateCommand.m */; };
		1744CC051B1A3F49001A9045 /* LLCropCommand.m in Sources */ = {isa = PBXBuildFile; fileRef = 1744CC041B1A3F49001A9045 /* LLCropCommand.m */; };
		1744CC0B1B1A41E3001A9045 /* LLVideoData.m in Sources */ = {isa = PBXBuildFile; fileRef = 1744CC0A1B1A41E3001A9045 /* LLVideoData.m */; };
		17F97ABF1B125B850045633E /* LLVideoEditor.m in Sources */ = {isa = PBXBuildFile; fileRef = 17F97ABE1B125B850045633E /* LLVideoEditor.m */; };
		17F97AC21B12604D0045633E /* HomeViewController.m in Sources */ = {isa = PBXBuildFile; fileRef = 17F97AC11B12604D0045633E /* HomeViewController.m */; };
		17F97AC61B126E750045633E /* VideoViewController.m in Sources */ = {isa = PBXBuildFile; fileRef = 17F97AC51B126E750045633E /* VideoViewController.m */; };
		17F97ACB1B126FC80045633E /* cancel.png in Resources */ = {isa = PBXBuildFile; fileRef = 17F97AC81B126FC80045633E /* cancel.png */; };
		17F97ACC1B126FC80045633E /* cancel@2x.png in Resources */ = {isa = PBXBuildFile; fileRef = 17F97AC91B126FC80045633E /* cancel@2x.png */; };
		17F97ACD1B126FC80045633E /* cancel@3x.png in Resources */ = {isa = PBXBuildFile; fileRef = 17F97ACA1B126FC80045633E /* cancel@3x.png */; };
		17FD4ECB1B1B930A009166E7 /* LLAddLayerCommand.m in Sources */ = {isa = PBXBuildFile; fileRef = 17FD4ECA1B1B930A009166E7 /* LLAddLayerCommand.m */; };
		17FD4ED11B1BB248009166E7 /* LLAddAudioCommand.m in Sources */ = {isa = PBXBuildFile; fileRef = 17FD4ED01B1BB248009166E7 /* LLAddAudioCommand.m */; };
		662FA662166554732FC2D5D7 /* libPods.a in Frameworks */ = {isa = PBXBuildFile; fileRef = 6CA7530E0A8255DB47DA9A9E /* libPods.a */; };
/* End PBXBuildFile section */

/* Begin PBXContainerItemProxy section */
		170030C01B11F5A300585CEB /* PBXContainerItemProxy */ = {
			isa = PBXContainerItemProxy;
			containerPortal = 1700309E1B11F5A200585CEB /* Project object */;
			proxyType = 1;
			remoteGlobalIDString = 170030A51B11F5A200585CEB;
			remoteInfo = LLVideoEditorExample;
		};
/* End PBXContainerItemProxy section */

/* Begin PBXFileReference section */
		170030A61B11F5A200585CEB /* LLVideoEditorExample.app */ = {isa = PBXFileReference; explicitFileType = wrapper.application; includeInIndex = 0; path = LLVideoEditorExample.app; sourceTree = BUILT_PRODUCTS_DIR; };
		170030AA1B11F5A200585CEB /* Info.plist */ = {isa = PBXFileReference; lastKnownFileType = text.plist.xml; path = Info.plist; sourceTree = "<group>"; };
		170030AB1B11F5A200585CEB /* main.m */ = {isa = PBXFileReference; lastKnownFileType = sourcecode.c.objc; path = main.m; sourceTree = "<group>"; };
		170030AD1B11F5A200585CEB /* AppDelegate.h */ = {isa = PBXFileReference; lastKnownFileType = sourcecode.c.h; path = AppDelegate.h; sourceTree = "<group>"; };
		170030AE1B11F5A200585CEB /* AppDelegate.m */ = {isa = PBXFileReference; lastKnownFileType = sourcecode.c.objc; path = AppDelegate.m; sourceTree = "<group>"; };
		170030B61B11F5A200585CEB /* Images.xcassets */ = {isa = PBXFileReference; lastKnownFileType = folder.assetcatalog; path = Images.xcassets; sourceTree = "<group>"; };
		170030B91B11F5A200585CEB /* Base */ = {isa = PBXFileReference; lastKnownFileType = file.xib; name = Base; path = Base.lproj/LaunchScreen.xib; sourceTree = "<group>"; };
		170030BF1B11F5A300585CEB /* LLVideoEditorExampleTests.xctest */ = {isa = PBXFileReference; explicitFileType = wrapper.cfbundle; includeInIndex = 0; path = LLVideoEditorExampleTests.xctest; sourceTree = BUILT_PRODUCTS_DIR; };
		170030C41B11F5A300585CEB /* Info.plist */ = {isa = PBXFileReference; lastKnownFileType = text.plist.xml; path = Info.plist; sourceTree = "<group>"; };
		170030C51B11F5A300585CEB /* LLVideoEditorExampleTests.m */ = {isa = PBXFileReference; lastKnownFileType = sourcecode.c.objc; path = LLVideoEditorExampleTests.m; sourceTree = "<group>"; };
		1744CBF71B19E871001A9045 /* applause-01.mp3 */ = {isa = PBXFileReference; lastKnownFileType = audio.mp3; path = "applause-01.mp3"; sourceTree = "<group>"; };
		1744CBFA1B1A24ED001A9045 /* LLRotateCommand.h */ = {isa = PBXFileReference; fileEncoding = 4; lastKnownFileType = sourcecode.c.h; path = LLRotateCommand.h; sourceTree = "<group>"; };
		1744CBFB1B1A24ED001A9045 /* LLRotateCommand.m */ = {isa = PBXFileReference; fileEncoding = 4; lastKnownFileType = sourcecode.c.objc; path = LLRotateCommand.m; sourceTree = "<group>"; };
		1744CC031B1A3F49001A9045 /* LLCropCommand.h */ = {isa = PBXFileReference; fileEncoding = 4; lastKnownFileType = sourcecode.c.h; path = LLCropCommand.h; sourceTree = "<group>"; };
		1744CC041B1A3F49001A9045 /* LLCropCommand.m */ = {isa = PBXFileReference; fileEncoding = 4; lastKnownFileType = sourcecode.c.objc; path = LLCropCommand.m; sourceTree = "<group>"; };
		1744CC091B1A41E3001A9045 /* LLVideoData.h */ = {isa = PBXFileReference; fileEncoding = 4; lastKnownFileType = sourcecode.c.h; path = LLVideoData.h; sourceTree = "<group>"; };
		1744CC0A1B1A41E3001A9045 /* LLVideoData.m */ = {isa = PBXFileReference; fileEncoding = 4; lastKnownFileType = sourcecode.c.objc; path = LLVideoData.m; sourceTree = "<group>"; };
		17F97ABD1B125B850045633E /* LLVideoEditor.h */ = {isa = PBXFileReference; fileEncoding = 4; lastKnownFileType = sourcecode.c.h; name = LLVideoEditor.h; path = LLVideoEditor/LLVideoEditor.h; sourceTree = SOURCE_ROOT; };
		17F97ABE1B125B850045633E /* LLVideoEditor.m */ = {isa = PBXFileReference; fileEncoding = 4; lastKnownFileType = sourcecode.c.objc; name = LLVideoEditor.m; path = LLVideoEditor/LLVideoEditor.m; sourceTree = SOURCE_ROOT; };
		17F97AC01B12604D0045633E /* HomeViewController.h */ = {isa = PBXFileReference; fileEncoding = 4; lastKnownFileType = sourcecode.c.h; path = HomeViewController.h; sourceTree = "<group>"; };
		17F97AC11B12604D0045633E /* HomeViewController.m */ = {isa = PBXFileReference; fileEncoding = 4; lastKnownFileType = sourcecode.c.objc; path = HomeViewController.m; sourceTree = "<group>"; };
		17F97AC41B126E750045633E /* VideoViewController.h */ = {isa = PBXFileReference; fileEncoding = 4; lastKnownFileType = sourcecode.c.h; path = VideoViewController.h; sourceTree = "<group>"; };
		17F97AC51B126E750045633E /* VideoViewController.m */ = {isa = PBXFileReference; fileEncoding = 4; lastKnownFileType = sourcecode.c.objc; path = VideoViewController.m; sourceTree = "<group>"; };
		17F97AC81B126FC80045633E /* cancel.png */ = {isa = PBXFileReference; lastKnownFileType = image.png; path = cancel.png; sourceTree = "<group>"; };
		17F97AC91B126FC80045633E /* cancel@2x.png */ = {isa = PBXFileReference; lastKnownFileType = image.png; path = "cancel@2x.png"; sourceTree = "<group>"; };
		17F97ACA1B126FC80045633E /* cancel@3x.png */ = {isa = PBXFileReference; lastKnownFileType = image.png; path = "cancel@3x.png"; sourceTree = "<group>"; };
		17FD4EC91B1B930A009166E7 /* LLAddLayerCommand.h */ = {isa = PBXFileReference; fileEncoding = 4; lastKnownFileType = sourcecode.c.h; path = LLAddLayerCommand.h; sourceTree = "<group>"; };
		17FD4ECA1B1B930A009166E7 /* LLAddLayerCommand.m */ = {isa = PBXFileReference; fileEncoding = 4; lastKnownFileType = sourcecode.c.objc; path = LLAddLayerCommand.m; sourceTree = "<group>"; };
		17FD4ECF1B1BB248009166E7 /* LLAddAudioCommand.h */ = {isa = PBXFileReference; fileEncoding = 4; lastKnownFileType = sourcecode.c.h; path = LLAddAudioCommand.h; sourceTree = "<group>"; };
		17FD4ED01B1BB248009166E7 /* LLAddAudioCommand.m */ = {isa = PBXFileReference; fileEncoding = 4; lastKnownFileType = sourcecode.c.objc; path = LLAddAudioCommand.m; sourceTree = "<group>"; };
		242DAA5169A01C87AE015614 /* Pods.release.xcconfig */ = {isa = PBXFileReference; includeInIndex = 1; lastKnownFileType = text.xcconfig; name = Pods.release.xcconfig; path = "Pods/Target Support Files/Pods/Pods.release.xcconfig"; sourceTree = "<group>"; };
		6CA7530E0A8255DB47DA9A9E /* libPods.a */ = {isa = PBXFileReference; explicitFileType = archive.ar; includeInIndex = 0; path = libPods.a; sourceTree = BUILT_PRODUCTS_DIR; };
		F6EEE3EF13A06B178AE2A9D0 /* Pods.debug.xcconfig */ = {isa = PBXFileReference; includeInIndex = 1; lastKnownFileType = text.xcconfig; name = Pods.debug.xcconfig; path = "Pods/Target Support Files/Pods/Pods.debug.xcconfig"; sourceTree = "<group>"; };
/* End PBXFileReference section */

/* Begin PBXFrameworksBuildPhase section */
		170030A31B11F5A200585CEB /* Frameworks */ = {
			isa = PBXFrameworksBuildPhase;
			buildActionMask = 2147483647;
			files = (
				662FA662166554732FC2D5D7 /* libPods.a in Frameworks */,
			);
			runOnlyForDeploymentPostprocessing = 0;
		};
		170030BC1B11F5A300585CEB /* Frameworks */ = {
			isa = PBXFrameworksBuildPhase;
			buildActionMask = 2147483647;
			files = (
			);
			runOnlyForDeploymentPostprocessing = 0;
		};
/* End PBXFrameworksBuildPhase section */

/* Begin PBXGroup section */
		1700309D1B11F5A200585CEB = {
			isa = PBXGroup;
			children = (
				170030A81B11F5A200585CEB /* LLVideoEditorExample */,
				170030C21B11F5A300585CEB /* LLVideoEditorExampleTests */,
				170030A71B11F5A200585CEB /* Products */,
				D90D0C27D50234A9D1D65CFF /* Pods */,
				435E9D39261838CEB9706377 /* Frameworks */,
			);
			sourceTree = "<group>";
		};
		170030A71B11F5A200585CEB /* Products */ = {
			isa = PBXGroup;
			children = (
				170030A61B11F5A200585CEB /* LLVideoEditorExample.app */,
				170030BF1B11F5A300585CEB /* LLVideoEditorExampleTests.xctest */,
			);
			name = Products;
			sourceTree = "<group>";
		};
		170030A81B11F5A200585CEB /* LLVideoEditorExample */ = {
			isa = PBXGroup;
			children = (
				1744CBF71B19E871001A9045 /* applause-01.mp3 */,
				17F97AC71B126FC30045633E /* Images */,
				17F97AC31B1260630045633E /* Controllers */,
				17F97AB91B125B690045633E /* LLVideoEditor */,
				170030AD1B11F5A200585CEB /* AppDelegate.h */,
				170030AE1B11F5A200585CEB /* AppDelegate.m */,
				170030B61B11F5A200585CEB /* Images.xcassets */,
				170030B81B11F5A200585CEB /* LaunchScreen.xib */,
				170030A91B11F5A200585CEB /* Supporting Files */,
			);
			path = LLVideoEditorExample;
			sourceTree = "<group>";
		};
		170030A91B11F5A200585CEB /* Supporting Files */ = {
			isa = PBXGroup;
			children = (
				170030AA1B11F5A200585CEB /* Info.plist */,
				170030AB1B11F5A200585CEB /* main.m */,
			);
			name = "Supporting Files";
			sourceTree = "<group>";
		};
		170030C21B11F5A300585CEB /* LLVideoEditorExampleTests */ = {
			isa = PBXGroup;
			children = (
				170030C51B11F5A300585CEB /* LLVideoEditorExampleTests.m */,
				170030C31B11F5A300585CEB /* Supporting Files */,
			);
			path = LLVideoEditorExampleTests;
			sourceTree = "<group>";
		};
		170030C31B11F5A300585CEB /* Supporting Files */ = {
			isa = PBXGroup;
			children = (
				170030C41B11F5A300585CEB /* Info.plist */,
			);
			name = "Supporting Files";
			sourceTree = "<group>";
		};
		1744CBF91B1A24C5001A9045 /* Commands */ = {
			isa = PBXGroup;
			children = (
				1744CBFA1B1A24ED001A9045 /* LLRotateCommand.h */,
				1744CBFB1B1A24ED001A9045 /* LLRotateCommand.m */,
				1744CC031B1A3F49001A9045 /* LLCropCommand.h */,
				1744CC041B1A3F49001A9045 /* LLCropCommand.m */,
				17FD4EC91B1B930A009166E7 /* LLAddLayerCommand.h */,
				17FD4ECA1B1B930A009166E7 /* LLAddLayerCommand.m */,
				17FD4ECF1B1BB248009166E7 /* LLAddAudioCommand.h */,
				17FD4ED01B1BB248009166E7 /* LLAddAudioCommand.m */,
			);
			path = Commands;
			sourceTree = "<group>";
		};
		17F97AB91B125B690045633E /* LLVideoEditor */ = {
			isa = PBXGroup;
			children = (
				1744CBF91B1A24C5001A9045 /* Commands */,
				17F97ABD1B125B850045633E /* LLVideoEditor.h */,
				17F97ABE1B125B850045633E /* LLVideoEditor.m */,
				1744CC091B1A41E3001A9045 /* LLVideoData.h */,
				1744CC0A1B1A41E3001A9045 /* LLVideoData.m */,
			);
			path = LLVideoEditor;
			sourceTree = SOURCE_ROOT;
		};
		17F97AC31B1260630045633E /* Controllers */ = {
			isa = PBXGroup;
			children = (
				17F97AC41B126E750045633E /* VideoViewController.h */,
				17F97AC51B126E750045633E /* VideoViewController.m */,
				17F97AC01B12604D0045633E /* HomeViewController.h */,
				17F97AC11B12604D0045633E /* HomeViewController.m */,
			);
			name = Controllers;
			sourceTree = "<group>";
		};
		17F97AC71B126FC30045633E /* Images */ = {
			isa = PBXGroup;
			children = (
				17F97AC81B126FC80045633E /* cancel.png */,
				17F97AC91B126FC80045633E /* cancel@2x.png */,
				17F97ACA1B126FC80045633E /* cancel@3x.png */,
			);
			name = Images;
			sourceTree = "<group>";
		};
		435E9D39261838CEB9706377 /* Frameworks */ = {
			isa = PBXGroup;
			children = (
				6CA7530E0A8255DB47DA9A9E /* libPods.a */,
			);
			name = Frameworks;
			sourceTree = "<group>";
		};
		D90D0C27D50234A9D1D65CFF /* Pods */ = {
			isa = PBXGroup;
			children = (
				F6EEE3EF13A06B178AE2A9D0 /* Pods.debug.xcconfig */,
				242DAA5169A01C87AE015614 /* Pods.release.xcconfig */,
			);
			name = Pods;
			sourceTree = "<group>";
		};
/* End PBXGroup section */

/* Begin PBXNativeTarget section */
		170030A51B11F5A200585CEB /* LLVideoEditorExample */ = {
			isa = PBXNativeTarget;
			buildConfigurationList = 170030C91B11F5A300585CEB /* Build configuration list for PBXNativeTarget "LLVideoEditorExample" */;
			buildPhases = (
				CBCBD53B6F3B07B8B9B0F3DD /* Check Pods Manifest.lock */,
				170030A21B11F5A200585CEB /* Sources */,
				170030A31B11F5A200585CEB /* Frameworks */,
				170030A41B11F5A200585CEB /* Resources */,
				4F1D2F2B01A617C144BAE61C /* Copy Pods Resources */,
			);
			buildRules = (
			);
			dependencies = (
			);
			name = LLVideoEditorExample;
			productName = LLVideoEditorExample;
			productReference = 170030A61B11F5A200585CEB /* LLVideoEditorExample.app */;
			productType = "com.apple.product-type.application";
		};
		170030BE1B11F5A300585CEB /* LLVideoEditorExampleTests */ = {
			isa = PBXNativeTarget;
			buildConfigurationList = 170030CC1B11F5A300585CEB /* Build configuration list for PBXNativeTarget "LLVideoEditorExampleTests" */;
			buildPhases = (
				170030BB1B11F5A300585CEB /* Sources */,
				170030BC1B11F5A300585CEB /* Frameworks */,
				170030BD1B11F5A300585CEB /* Resources */,
			);
			buildRules = (
			);
			dependencies = (
				170030C11B11F5A300585CEB /* PBXTargetDependency */,
			);
			name = LLVideoEditorExampleTests;
			productName = LLVideoEditorExampleTests;
			productReference = 170030BF1B11F5A300585CEB /* LLVideoEditorExampleTests.xctest */;
			productType = "com.apple.product-type.bundle.unit-test";
		};
/* End PBXNativeTarget section */

/* Begin PBXProject section */
		1700309E1B11F5A200585CEB /* Project object */ = {
			isa = PBXProject;
			attributes = {
				LastUpgradeCheck = 0630;
				ORGANIZATIONNAME = "Ömer Faruk Gül";
				TargetAttributes = {
					170030A51B11F5A200585CEB = {
						CreatedOnToolsVersion = 6.3.2;
					};
					170030BE1B11F5A300585CEB = {
						CreatedOnToolsVersion = 6.3.2;
						TestTargetID = 170030A51B11F5A200585CEB;
					};
				};
			};
			buildConfigurationList = 170030A11B11F5A200585CEB /* Build configuration list for PBXProject "LLVideoEditorExample" */;
			compatibilityVersion = "Xcode 3.2";
			developmentRegion = English;
			hasScannedForEncodings = 0;
			knownRegions = (
				en,
				Base,
			);
			mainGroup = 1700309D1B11F5A200585CEB;
			productRefGroup = 170030A71B11F5A200585CEB /* Products */;
			projectDirPath = "";
			projectRoot = "";
			targets = (
				170030A51B11F5A200585CEB /* LLVideoEditorExample */,
				170030BE1B11F5A300585CEB /* LLVideoEditorExampleTests */,
			);
		};
/* End PBXProject section */

/* Begin PBXResourcesBuildPhase section */
		170030A41B11F5A200585CEB /* Resources */ = {
			isa = PBXResourcesBuildPhase;
			buildActionMask = 2147483647;
			files = (
				17F97ACD1B126FC80045633E /* cancel@3x.png in Resources */,
				17F97ACC1B126FC80045633E /* cancel@2x.png in Resources */,
				17F97ACB1B126FC80045633E /* cancel.png in Resources */,
				170030BA1B11F5A200585CEB /* LaunchScreen.xib in Resources */,
				1744CBF81B19E871001A9045 /* applause-01.mp3 in Resources */,
				170030B71B11F5A200585CEB /* Images.xcassets in Resources */,
			);
			runOnlyForDeploymentPostprocessing = 0;
		};
		170030BD1B11F5A300585CEB /* Resources */ = {
			isa = PBXResourcesBuildPhase;
			buildActionMask = 2147483647;
			files = (
			);
			runOnlyForDeploymentPostprocessing = 0;
		};
/* End PBXResourcesBuildPhase section */

/* Begin PBXShellScriptBuildPhase section */
		4F1D2F2B01A617C144BAE61C /* Copy Pods Resources */ = {
			isa = PBXShellScriptBuildPhase;
			buildActionMask = 2147483647;
			files = (
			);
			inputPaths = (
			);
			name = "Copy Pods Resources";
			outputPaths = (
			);
			runOnlyForDeploymentPostprocessing = 0;
			shellPath = /bin/sh;
			shellScript = "\"${SRCROOT}/Pods/Target Support Files/Pods/Pods-resources.sh\"\n";
			showEnvVarsInLog = 0;
		};
		CBCBD53B6F3B07B8B9B0F3DD /* Check Pods Manifest.lock */ = {
			isa = PBXShellScriptBuildPhase;
			buildActionMask = 2147483647;
			files = (
			);
			inputPaths = (
			);
			name = "Check Pods Manifest.lock";
			outputPaths = (
			);
			runOnlyForDeploymentPostprocessing = 0;
			shellPath = /bin/sh;
			shellScript = "diff \"${PODS_ROOT}/../Podfile.lock\" \"${PODS_ROOT}/Manifest.lock\" > /dev/null\nif [[ $? != 0 ]] ; then\n    cat << EOM\nerror: The sandbox is not in sync with the Podfile.lock. Run 'pod install' or update your CocoaPods installation.\nEOM\n    exit 1\nfi\n";
			showEnvVarsInLog = 0;
		};
/* End PBXShellScriptBuildPhase section */

/* Begin PBXSourcesBuildPhase section */
		170030A21B11F5A200585CEB /* Sources */ = {
			isa = PBXSourcesBuildPhase;
			buildActionMask = 2147483647;
			files = (
				1744CBFC1B1A24ED001A9045 /* LLRotateCommand.m in Sources */,
				1744CC0B1B1A41E3001A9045 /* LLVideoData.m in Sources */,
				17F97AC61B126E750045633E /* VideoViewController.m in Sources */,
				17F97ABF1B125B850045633E /* LLVideoEditor.m in Sources */,
				170030AF1B11F5A200585CEB /* AppDelegate.m in Sources */,
				170030AC1B11F5A200585CEB /* main.m in Sources */,
				17FD4ED11B1BB248009166E7 /* LLAddAudioCommand.m in Sources */,
				17F97AC21B12604D0045633E /* HomeViewController.m in Sources */,
				17FD4ECB1B1B930A009166E7 /* LLAddLayerCommand.m in Sources */,
				1744CC051B1A3F49001A9045 /* LLCropCommand.m in Sources */,
			);
			runOnlyForDeploymentPostprocessing = 0;
		};
		170030BB1B11F5A300585CEB /* Sources */ = {
			isa = PBXSourcesBuildPhase;
			buildActionMask = 2147483647;
			files = (
				170030C61B11F5A300585CEB /* LLVideoEditorExampleTests.m in Sources */,
			);
			runOnlyForDeploymentPostprocessing = 0;
		};
/* End PBXSourcesBuildPhase section */

/* Begin PBXTargetDependency section */
		170030C11B11F5A300585CEB /* PBXTargetDependency */ = {
			isa = PBXTargetDependency;
			target = 170030A51B11F5A200585CEB /* LLVideoEditorExample */;
			targetProxy = 170030C01B11F5A300585CEB /* PBXContainerItemProxy */;
		};
/* End PBXTargetDependency section */

/* Begin PBXVariantGroup section */
		170030B81B11F5A200585CEB /* LaunchScreen.xib */ = {
			isa = PBXVariantGroup;
			children = (
				170030B91B11F5A200585CEB /* Base */,
			);
			name = LaunchScreen.xib;
			sourceTree = "<group>";
		};
/* End PBXVariantGroup section */

/* Begin XCBuildConfiguration section */
		170030C71B11F5A300585CEB /* Debug */ = {
			isa = XCBuildConfiguration;
			buildSettings = {
				ALWAYS_SEARCH_USER_PATHS = NO;
				CLANG_CXX_LANGUAGE_STANDARD = "gnu++0x";
				CLANG_CXX_LIBRARY = "libc++";
				CLANG_ENABLE_MODULES = YES;
				CLANG_ENABLE_OBJC_ARC = YES;
				CLANG_WARN_BOOL_CONVERSION = YES;
				CLANG_WARN_CONSTANT_CONVERSION = YES;
				CLANG_WARN_DIRECT_OBJC_ISA_USAGE = YES_ERROR;
				CLANG_WARN_EMPTY_BODY = YES;
				CLANG_WARN_ENUM_CONVERSION = YES;
				CLANG_WARN_INT_CONVERSION = YES;
				CLANG_WARN_OBJC_ROOT_CLASS = YES_ERROR;
				CLANG_WARN_UNREACHABLE_CODE = YES;
				CLANG_WARN__DUPLICATE_METHOD_MATCH = YES;
				"CODE_SIGN_IDENTITY[sdk=iphoneos*]" = "iPhone Developer";
				COPY_PHASE_STRIP = NO;
				DEBUG_INFORMATION_FORMAT = "dwarf-with-dsym";
				ENABLE_STRICT_OBJC_MSGSEND = YES;
				GCC_C_LANGUAGE_STANDARD = gnu99;
				GCC_DYNAMIC_NO_PIC = NO;
				GCC_NO_COMMON_BLOCKS = YES;
				GCC_OPTIMIZATION_LEVEL = 0;
				GCC_PREPROCESSOR_DEFINITIONS = (
					"DEBUG=1",
					"$(inherited)",
				);
				GCC_SYMBOLS_PRIVATE_EXTERN = NO;
				GCC_WARN_64_TO_32_BIT_CONVERSION = YES;
				GCC_WARN_ABOUT_RETURN_TYPE = YES_ERROR;
				GCC_WARN_UNDECLARED_SELECTOR = YES;
				GCC_WARN_UNINITIALIZED_AUTOS = YES_AGGRESSIVE;
				GCC_WARN_UNUSED_FUNCTION = YES;
				GCC_WARN_UNUSED_VARIABLE = YES;
				IPHONEOS_DEPLOYMENT_TARGET = 8.3;
				MTL_ENABLE_DEBUG_INFO = YES;
				ONLY_ACTIVE_ARCH = YES;
				SDKROOT = iphoneos;
			};
			name = Debug;
		};
		170030C81B11F5A300585CEB /* Release */ = {
			isa = XCBuildConfiguration;
			buildSettings = {
				ALWAYS_SEARCH_USER_PATHS = NO;
				CLANG_CXX_LANGUAGE_STANDARD = "gnu++0x";
				CLANG_CXX_LIBRARY = "libc++";
				CLANG_ENABLE_MODULES = YES;
				CLANG_ENABLE_OBJC_ARC = YES;
				CLANG_WARN_BOOL_CONVERSION = YES;
				CLANG_WARN_CONSTANT_CONVERSION = YES;
				CLANG_WARN_DIRECT_OBJC_ISA_USAGE = YES_ERROR;
				CLANG_WARN_EMPTY_BODY = YES;
				CLANG_WARN_ENUM_CONVERSION = YES;
				CLANG_WARN_INT_CONVERSION = YES;
				CLANG_WARN_OBJC_ROOT_CLASS = YES_ERROR;
				CLANG_WARN_UNREACHABLE_CODE = YES;
				CLANG_WARN__DUPLICATE_METHOD_MATCH = YES;
				"CODE_SIGN_IDENTITY[sdk=iphoneos*]" = "iPhone Developer";
				COPY_PHASE_STRIP = NO;
				DEBUG_INFORMATION_FORMAT = "dwarf-with-dsym";
				ENABLE_NS_ASSERTIONS = NO;
				ENABLE_STRICT_OBJC_MSGSEND = YES;
				GCC_C_LANGUAGE_STANDARD = gnu99;
				GCC_NO_COMMON_BLOCKS = YES;
				GCC_WARN_64_TO_32_BIT_CONVERSION = YES;
				GCC_WARN_ABOUT_RETURN_TYPE = YES_ERROR;
				GCC_WARN_UNDECLARED_SELECTOR = YES;
				GCC_WARN_UNINITIALIZED_AUTOS = YES_AGGRESSIVE;
				GCC_WARN_UNUSED_FUNCTION = YES;
				GCC_WARN_UNUSED_VARIABLE = YES;
				IPHONEOS_DEPLOYMENT_TARGET = 8.3;
				MTL_ENABLE_DEBUG_INFO = NO;
				SDKROOT = iphoneos;
				VALIDATE_PRODUCT = YES;
			};
			name = Release;
		};
		170030CA1B11F5A300585CEB /* Debug */ = {
			isa = XCBuildConfiguration;
			baseConfigurationReference = F6EEE3EF13A06B178AE2A9D0 /* Pods.debug.xcconfig */;
			buildSettings = {
				ASSETCATALOG_COMPILER_APPICON_NAME = AppIcon;
				INFOPLIST_FILE = LLVideoEditorExample/Info.plist;
				LD_RUNPATH_SEARCH_PATHS = "$(inherited) @executable_path/Frameworks";
				PRODUCT_NAME = "$(TARGET_NAME)";
			};
			name = Debug;
		};
		170030CB1B11F5A300585CEB /* Release */ = {
			isa = XCBuildConfiguration;
			baseConfigurationReference = 242DAA5169A01C87AE015614 /* Pods.release.xcconfig */;
			buildSettings = {
				ASSETCATALOG_COMPILER_APPICON_NAME = AppIcon;
				INFOPLIST_FILE = LLVideoEditorExample/Info.plist;
				LD_RUNPATH_SEARCH_PATHS = "$(inherited) @executable_path/Frameworks";
				PRODUCT_NAME = "$(TARGET_NAME)";
			};
			name = Release;
		};
		170030CD1B11F5A300585CEB /* Debug */ = {
			isa = XCBuildConfiguration;
			buildSettings = {
				BUNDLE_LOADER = "$(TEST_HOST)";
				FRAMEWORK_SEARCH_PATHS = (
					"$(SDKROOT)/Developer/Library/Frameworks",
					"$(inherited)",
				);
				GCC_PREPROCESSOR_DEFINITIONS = (
					"DEBUG=1",
					"$(inherited)",
				);
				INFOPLIST_FILE = LLVideoEditorExampleTests/Info.plist;
				LD_RUNPATH_SEARCH_PATHS = "$(inherited) @executable_path/Frameworks @loader_path/Frameworks";
				PRODUCT_NAME = "$(TARGET_NAME)";
				TEST_HOST = "$(BUILT_PRODUCTS_DIR)/LLVideoEditorExample.app/LLVideoEditorExample";
			};
			name = Debug;
		};
		170030CE1B11F5A300585CEB /* Release */ = {
			isa = XCBuildConfiguration;
			buildSettings = {
				BUNDLE_LOADER = "$(TEST_HOST)";
				FRAMEWORK_SEARCH_PATHS = (
					"$(SDKROOT)/Developer/Library/Frameworks",
					"$(inherited)",
				);
				INFOPLIST_FILE = LLVideoEditorExampleTests/Info.plist;
				LD_RUNPATH_SEARCH_PATHS = "$(inherited) @executable_path/Frameworks @loader_path/Frameworks";
				PRODUCT_NAME = "$(TARGET_NAME)";
				TEST_HOST = "$(BUILT_PRODUCTS_DIR)/LLVideoEditorExample.app/LLVideoEditorExample";
			};
			name = Release;
		};
/* End XCBuildConfiguration section */

/* Begin XCConfigurationList section */
		170030A11B11F5A200585CEB /* Build configuration list for PBXProject "LLVideoEditorExample" */ = {
			isa = XCConfigurationList;
			buildConfigurations = (
				170030C71B11F5A300585CEB /* Debug */,
				170030C81B11F5A300585CEB /* Release */,
			);
			defaultConfigurationIsVisible = 0;
			defaultConfigurationName = Release;
		};
		170030C91B11F5A300585CEB /* Build configuration list for PBXNativeTarget "LLVideoEditorExample" */ = {
			isa = XCConfigurationList;
			buildConfigurations = (
				170030CA1B11F5A300585CEB /* Debug */,
				170030CB1B11F5A300585CEB /* Release */,
			);
			defaultConfigurationIsVisible = 0;
			defaultConfigurationName = Release;
		};
		170030CC1B11F5A300585CEB /* Build configuration list for PBXNativeTarget "LLVideoEditorExampleTests" */ = {
			isa = XCConfigurationList;
			buildConfigurations = (
				170030CD1B11F5A300585CEB /* Debug */,
				170030CE1B11F5A300585CEB /* Release */,
			);
			defaultConfigurationIsVisible = 0;
			defaultConfigurationName = Release;
		};
/* End XCConfigurationList section */
	};
	rootObject = 1700309E1B11F5A200585CEB /* Project object */;
}
